{
  "name": "emili",
  "version": "1.0.0",
  "lockfileVersion": 3,
  "requires": true,
  "packages": {
    "": {
      "name": "emili",
      "version": "1.0.0",
      "license": "MIT",
      "dependencies": {
        "emojimili": "^1.0.0"
      }
    },
    "node_modules/emojimili": {
      "version": "1.0.0",
      "resolved": "https://registry.npmjs.org/emojimili/-/emojimili-1.0.0.tgz",
      "integrity": "sha512-0go+kVWWqiGzy1yBlSXK58Q3O6JDMNEngLofWFv4XvZSolEqWwNT+4wgdT3MEVqVbGPwBiSo7vlCK0l04sJmxA=="
    }
  }
}
